
Microsoft Visual Studio Solution File, Format Version 12.00
# Visual Studio 15
VisualStudioVersion = 15.0.26403.7
MinimumVisualStudioVersion = 10.0.40219.1
Project("{FAE04EC0-301F-11D3-BF4B-00C04F79EFBC}") = "Seed", "Seed\Seed.csproj", "{EF9C16EA-75C1-420B-8FD0-AE47DE86EE70}"
EndProject
Project("{FAE04EC0-301F-11D3-BF4B-00C04F79EFBC}") = "NonSeed", "NonSeed\NonSeed.csproj", "{2C69F37D-FCD0-401A-9338-53815F696FA8}"
EndProject
Project("{FAE04EC0-301F-11D3-BF4B-00C04F79EFBC}") = "Shared", "Shared\Shared.csproj", "{3B967DE9-837A-4680-9D50-A3473C90AACD}"
EndProject
Global
	GlobalSection(SolutionConfigurationPlatforms) = preSolution
		Debug|Any CPU = Debug|Any CPU
		Release|Any CPU = Release|Any CPU
	EndGlobalSection
	GlobalSection(ProjectConfigurationPlatforms) = postSolution
		{EF9C16EA-75C1-420B-8FD0-AE47DE86EE70}.Debug|Any CPU.ActiveCfg = Debug|Any CPU
		{EF9C16EA-75C1-420B-8FD0-AE47DE86EE70}.Debug|Any CPU.Build.0 = Debug|Any CPU
		{EF9C16EA-75C1-420B-8FD0-AE47DE86EE70}.Release|Any CPU.ActiveCfg = Release|Any CPU
		{EF9C16EA-75C1-420B-8FD0-AE47DE86EE70}.Release|Any CPU.Build.0 = Release|Any CPU
		{2C69F37D-FCD0-401A-9338-53815F696FA8}.Debug|Any CPU.ActiveCfg = Debug|Any CPU
		{2C69F37D-FCD0-401A-9338-53815F696FA8}.Debug|Any CPU.Build.0 = Debug|Any CPU
		{2C69F37D-FCD0-401A-9338-53815F696FA8}.Release|Any CPU.ActiveCfg = Release|Any CPU
		{2C69F37D-FCD0-401A-9338-53815F696FA8}.Release|Any CPU.Build.0 = Release|Any CPU
		{3B967DE9-837A-4680-9D50-A3473C90AACD}.Debug|Any CPU.ActiveCfg = Debug|Any CPU
		{3B967DE9-837A-4680-9D50-A3473C90AACD}.Debug|Any CPU.Build.0 = Debug|Any CPU
		{3B967DE9-837A-4680-9D50-A3473C90AACD}.Release|Any CPU.ActiveCfg = Release|Any CPU
		{3B967DE9-837A-4680-9D50-A3473C90AACD}.Release|Any CPU.Build.0 = Release|Any CPU
	EndGlobalSection
	GlobalSection(SolutionProperties) = preSolution
		HideSolutionNode = FALSE
	EndGlobalSection
EndGlobal
